
Microsoft Visual Studio Solution File, Format Version 12.00
# Visual Studio Version 17
VisualStudioVersion = 17.0.31903.59
MinimumVisualStudioVersion = 10.0.40219.1
Project("{FAE04EC0-301F-11D3-BF4B-00C04F79EFBC}") = "MailProcessing", "Services\MailProcessing\MailProcessing.csproj", "{C7D8F5C3-5F6B-40F3-AE67-A70401EC0595}"
EndProject
Project("{2150E333-8FDC-42A3-9474-1A3956D46DE8}") = "Services", "Services", "{F5EBA54B-E1FE-4F1B-9E77-B99EBDA6FF3D}"
EndProject
Project("{FAE04EC0-301F-11D3-BF4B-00C04F79EFBC}") = "BlobProcessing", "Services\BlobProcessing\BlobProcessing.csproj", "{AF7831FA-1F04-E54A-438D-D56273129EB3}"
EndProject
Project("{2150E333-8FDC-42A3-9474-1A3956D46DE8}") = "Api", "Api", "{02EA681E-C7D8-13C7-8484-4AC65E1B71E8}"
EndProject
Project("{FAE04EC0-301F-11D3-BF4B-00C04F79EFBC}") = "CWDev.MailArchive.WorkerAPI", "Api\CWDev.WorkerAPI\CWDev.MailArchive.WorkerAPI.csproj", "{73F0AAB1-5700-4859-A10C-D59D4C01A0FD}"
EndProject
Project("{FAE04EC0-301F-11D3-BF4B-00C04F79EFBC}") = "CWDev.MailArchive.Application", "Api\CWDev.Application\CWDev.MailArchive.Application.csproj", "{89140AB3-EF81-4645-8329-20D0F911BA43}"
EndProject
Project("{2150E333-8FDC-42A3-9474-1A3956D46DE8}") = "Test", "Test", "{4F77FB8B-56BB-4F05-9C16-01638168D994}"
EndProject
Project("{FAE04EC0-301F-11D3-BF4B-00C04F79EFBC}") = "CWDev.MailArchive.Core", "Api\CWDev.Core\CWDev.MailArchive.Core.csproj", "{DFEEEE21-9194-E2EE-06C3-B3AA83C2BD15}"
EndProject
Global
	GlobalSection(SolutionConfigurationPlatforms) = preSolution
		Debug|Any CPU = Debug|Any CPU
		Release|Any CPU = Release|Any CPU
	EndGlobalSection
	GlobalSection(ProjectConfigurationPlatforms) = postSolution
		{C7D8F5C3-5F6B-40F3-AE67-A70401EC0595}.Debug|Any CPU.ActiveCfg = Debug|Any CPU
		{C7D8F5C3-5F6B-40F3-AE67-A70401EC0595}.Debug|Any CPU.Build.0 = Debug|Any CPU
		{C7D8F5C3-5F6B-40F3-AE67-A70401EC0595}.Release|Any CPU.ActiveCfg = Release|Any CPU
		{C7D8F5C3-5F6B-40F3-AE67-A70401EC0595}.Release|Any CPU.Build.0 = Release|Any CPU
		{AF7831FA-1F04-E54A-438D-D56273129EB3}.Debug|Any CPU.ActiveCfg = Debug|Any CPU
		{AF7831FA-1F04-E54A-438D-D56273129EB3}.Debug|Any CPU.Build.0 = Debug|Any CPU
		{AF7831FA-1F04-E54A-438D-D56273129EB3}.Release|Any CPU.ActiveCfg = Release|Any CPU
		{AF7831FA-1F04-E54A-438D-D56273129EB3}.Release|Any CPU.Build.0 = Release|Any CPU
		{73F0AAB1-5700-4859-A10C-D59D4C01A0FD}.Debug|Any CPU.ActiveCfg = Debug|Any CPU
		{73F0AAB1-5700-4859-A10C-D59D4C01A0FD}.Debug|Any CPU.Build.0 = Debug|Any CPU
		{73F0AAB1-5700-4859-A10C-D59D4C01A0FD}.Release|Any CPU.ActiveCfg = Release|Any CPU
		{73F0AAB1-5700-4859-A10C-D59D4C01A0FD}.Release|Any CPU.Build.0 = Release|Any CPU
		{89140AB3-EF81-4645-8329-20D0F911BA43}.Debug|Any CPU.ActiveCfg = Debug|Any CPU
		{89140AB3-EF81-4645-8329-20D0F911BA43}.Debug|Any CPU.Build.0 = Debug|Any CPU
		{89140AB3-EF81-4645-8329-20D0F911BA43}.Release|Any CPU.ActiveCfg = Release|Any CPU
		{89140AB3-EF81-4645-8329-20D0F911BA43}.Release|Any CPU.Build.0 = Release|Any CPU
		{DFEEEE21-9194-E2EE-06C3-B3AA83C2BD15}.Debug|Any CPU.ActiveCfg = Debug|Any CPU
		{DFEEEE21-9194-E2EE-06C3-B3AA83C2BD15}.Debug|Any CPU.Build.0 = Debug|Any CPU
		{DFEEEE21-9194-E2EE-06C3-B3AA83C2BD15}.Release|Any CPU.ActiveCfg = Release|Any CPU
		{DFEEEE21-9194-E2EE-06C3-B3AA83C2BD15}.Release|Any CPU.Build.0 = Release|Any CPU
	EndGlobalSection
	GlobalSection(SolutionProperties) = preSolution
		HideSolutionNode = FALSE
	EndGlobalSection
	GlobalSection(NestedProjects) = preSolution
		{C7D8F5C3-5F6B-40F3-AE67-A70401EC0595} = {F5EBA54B-E1FE-4F1B-9E77-B99EBDA6FF3D}
		{AF7831FA-1F04-E54A-438D-D56273129EB3} = {F5EBA54B-E1FE-4F1B-9E77-B99EBDA6FF3D}
		{73F0AAB1-5700-4859-A10C-D59D4C01A0FD} = {02EA681E-C7D8-13C7-8484-4AC65E1B71E8}
		{89140AB3-EF81-4645-8329-20D0F911BA43} = {02EA681E-C7D8-13C7-8484-4AC65E1B71E8}
		{DFEEEE21-9194-E2EE-06C3-B3AA83C2BD15} = {02EA681E-C7D8-13C7-8484-4AC65E1B71E8}
	EndGlobalSection
	GlobalSection(ExtensibilityGlobals) = postSolution
		SolutionGuid = {5ED4DF4D-47BC-4BE7-8028-FAB0A1EC5B98}
	EndGlobalSection
EndGlobal
